
Microsoft Visual Studio Solution File, Format Version 12.00
# Visual Studio Version 17
VisualStudioVersion = 17.1.32421.90
MinimumVisualStudioVersion = 10.0.40219.1
Project("{FAE04EC0-301F-11D3-BF4B-00C04F79EFBC}") = "ObjectOrientedPrograms", "ObjectOrientedPrograms\ObjectOrientedPrograms.csproj", "{EBE4E810-530B-4B31-8ACB-C775ABC1BCC6}"
EndProject
Global
	GlobalSection(SolutionConfigurationPlatforms) = preSolution
		Debug|Any CPU = Debug|Any CPU
		Release|Any CPU = Release|Any CPU
	EndGlobalSection
	GlobalSection(ProjectConfigurationPlatforms) = postSolution
		{EBE4E810-530B-4B31-8ACB-C775ABC1BCC6}.Debug|Any CPU.ActiveCfg = Debug|Any CPU
		{EBE4E810-530B-4B31-8ACB-C775ABC1BCC6}.Debug|Any CPU.Build.0 = Debug|Any CPU
		{EBE4E810-530B-4B31-8ACB-C775ABC1BCC6}.Release|Any CPU.ActiveCfg = Release|Any CPU
		{EBE4E810-530B-4B31-8ACB-C775ABC1BCC6}.Release|Any CPU.Build.0 = Release|Any CPU
	EndGlobalSection
	GlobalSection(SolutionProperties) = preSolution
		HideSolutionNode = FALSE
	EndGlobalSection
	GlobalSection(ExtensibilityGlobals) = postSolution
		SolutionGuid = {DBEDA260-82BC-434A-9DB5-CFB4D43BEE7C}
	EndGlobalSection
EndGlobal
